
Microsoft Visual Studio Solution File, Format Version 12.00
# Visual Studio Version 16
VisualStudioVersion = 16.0.31025.194
MinimumVisualStudioVersion = 10.0.40219.1
Project("{FAE04EC0-301F-11D3-BF4B-00C04F79EFBC}") = "QLRapChieuPhimAPI", "QLRapChieuPhimAPI\QLRapChieuPhimAPI.csproj", "{F06A74ED-0769-4E93-A074-AE2EB5E3E6A7}"
EndProject
Project("{FAE04EC0-301F-11D3-BF4B-00C04F79EFBC}") = "Service", "Service\Service.csproj", "{C5E24CC4-E8AB-419D-B5CE-8ABC03F9A8E8}"
EndProject
Global
	GlobalSection(SolutionConfigurationPlatforms) = preSolution
		Debug|Any CPU = Debug|Any CPU
		Release|Any CPU = Release|Any CPU
	EndGlobalSection
	GlobalSection(ProjectConfigurationPlatforms) = postSolution
		{F06A74ED-0769-4E93-A074-AE2EB5E3E6A7}.Debug|Any CPU.ActiveCfg = Debug|Any CPU
		{F06A74ED-0769-4E93-A074-AE2EB5E3E6A7}.Debug|Any CPU.Build.0 = Debug|Any CPU
		{F06A74ED-0769-4E93-A074-AE2EB5E3E6A7}.Release|Any CPU.ActiveCfg = Release|Any CPU
		{F06A74ED-0769-4E93-A074-AE2EB5E3E6A7}.Release|Any CPU.Build.0 = Release|Any CPU
		{C5E24CC4-E8AB-419D-B5CE-8ABC03F9A8E8}.Debug|Any CPU.ActiveCfg = Debug|Any CPU
		{C5E24CC4-E8AB-419D-B5CE-8ABC03F9A8E8}.Debug|Any CPU.Build.0 = Debug|Any CPU
		{C5E24CC4-E8AB-419D-B5CE-8ABC03F9A8E8}.Release|Any CPU.ActiveCfg = Release|Any CPU
		{C5E24CC4-E8AB-419D-B5CE-8ABC03F9A8E8}.Release|Any CPU.Build.0 = Release|Any CPU
	EndGlobalSection
	GlobalSection(SolutionProperties) = preSolution
		HideSolutionNode = FALSE
	EndGlobalSection
	GlobalSection(ExtensibilityGlobals) = postSolution
		SolutionGuid = {22B71D0B-6A70-4DE1-BBFA-66B7B5B1C7C2}
	EndGlobalSection
EndGlobal
